
Microsoft Visual Studio Solution File, Format Version 12.00
# Visual Studio Version 16
VisualStudioVersion = 16.0.33529.622
MinimumVisualStudioVersion = 10.0.40219.1
Project("{FAE04EC0-301F-11D3-BF4B-00C04F79EFBC}") = "CinemaMvc", "CinemaMvc\CinemaMvc.csproj", "{BC4B632F-57E1-49D4-98D2-B7AC04EAC1D4}"
EndProject
Global
	GlobalSection(SolutionConfigurationPlatforms) = preSolution
		Debug|Any CPU = Debug|Any CPU
		Release|Any CPU = Release|Any CPU
	EndGlobalSection
	GlobalSection(ProjectConfigurationPlatforms) = postSolution
		{BC4B632F-57E1-49D4-98D2-B7AC04EAC1D4}.Debug|Any CPU.ActiveCfg = Debug|Any CPU
		{BC4B632F-57E1-49D4-98D2-B7AC04EAC1D4}.Debug|Any CPU.Build.0 = Debug|Any CPU
		{BC4B632F-57E1-49D4-98D2-B7AC04EAC1D4}.Release|Any CPU.ActiveCfg = Release|Any CPU
		{BC4B632F-57E1-49D4-98D2-B7AC04EAC1D4}.Release|Any CPU.Build.0 = Release|Any CPU
	EndGlobalSection
	GlobalSection(SolutionProperties) = preSolution
		HideSolutionNode = FALSE
	EndGlobalSection
	GlobalSection(ExtensibilityGlobals) = postSolution
		SolutionGuid = {3D6692DA-3978-4721-B59A-4D532C988901}
	EndGlobalSection
EndGlobal
